
Microsoft Visual Studio Solution File, Format Version 12.00
Project("{FAE04EC0-301F-11D3-BF4B-00C04F79EFBC}") = "SimpleTaskManager", "SimpleTaskManager.csproj", "{0352B551-B3E2-4881-81A3-B1FD5095A3F1}"
EndProject
Global
	GlobalSection(SolutionConfigurationPlatforms) = preSolution
		Debug|Any CPU = Debug|Any CPU
		Release|Any CPU = Release|Any CPU
	EndGlobalSection
	GlobalSection(ProjectConfigurationPlatforms) = postSolution
		{0352B551-B3E2-4881-81A3-B1FD5095A3F1}.Debug|Any CPU.ActiveCfg = Debug|Any CPU
		{0352B551-B3E2-4881-81A3-B1FD5095A3F1}.Debug|Any CPU.Build.0 = Debug|Any CPU
		{0352B551-B3E2-4881-81A3-B1FD5095A3F1}.Release|Any CPU.ActiveCfg = Release|Any CPU
		{0352B551-B3E2-4881-81A3-B1FD5095A3F1}.Release|Any CPU.Build.0 = Release|Any CPU
	EndGlobalSection
EndGlobal
